// !$*UTF8*$!
{
	archiveVersion = 1;
	classes = {
	};
	objectVersion = 46;
	objects = {

/* Begin PBXBuildFile section */
		510765821E33DEA800D3A381 /* cactus.jpg in Resources */ = {isa = PBXBuildFile; fileRef = 5107657E1E33DEA800D3A381 /* cactus.jpg */; };
		510765831E33DEA800D3A381 /* fiesta.jpg in Resources */ = {isa = PBXBuildFile; fileRef = 5107657F1E33DEA800D3A381 /* fiesta.jpg */; };
		510765841E33DEA800D3A381 /* ferrari.jpg in Resources */ = {isa = PBXBuildFile; fileRef = 510765801E33DEA800D3A381 /* ferrari.jpg */; };
		510765851E33DEA800D3A381 /* leon.jpg in Resources */ = {isa = PBXBuildFile; fileRef = 510765811E33DEA800D3A381 /* leon.jpg */; };
		51F500681E328B60002545E4 /* AppDelegate.swift in Sources */ = {isa = PBXBuildFile; fileRef = 51F500671E328B60002545E4 /* AppDelegate.swift */; };
		51F5006A1E328B60002545E4 /* ViewController.swift in Sources */ = {isa = PBXBuildFile; fileRef = 51F500691E328B60002545E4 /* ViewController.swift */; };
		51F5006D1E328B60002545E4 /* Main.storyboard in Resources */ = {isa = PBXBuildFile; fileRef = 51F5006B1E328B60002545E4 /* Main.storyboard */; };
		51F5006F1E328B60002545E4 /* Assets.xcassets in Resources */ = {isa = PBXBuildFile; fileRef = 51F5006E1E328B60002545E4 /* Assets.xcassets */; };
		51F500721E328B60002545E4 /* LaunchScreen.storyboard in Resources */ = {isa = PBXBuildFile; fileRef = 51F500701E328B60002545E4 /* LaunchScreen.storyboard */; };
		51F5007A1E328B7E002545E4 /* Car.swift in Sources */ = {isa = PBXBuildFile; fileRef = 51F500791E328B7E002545E4 /* Car.swift */; };
/* End PBXBuildFile section */

/* Begin PBXFileReference section */
		5107657E1E33DEA800D3A381 /* cactus.jpg */ = {isa = PBXFileReference; lastKnownFileType = image.jpeg; path = cactus.jpg; sourceTree = "<group>"; };
		5107657F1E33DEA800D3A381 /* fiesta.jpg */ = {isa = PBXFileReference; lastKnownFileType = image.jpeg; path = fiesta.jpg; sourceTree = "<group>"; };
		510765801E33DEA800D3A381 /* ferrari.jpg */ = {isa = PBXFileReference; lastKnownFileType = image.jpeg; path = ferrari.jpg; sourceTree = "<group>"; };
		510765811E33DEA800D3A381 /* leon.jpg */ = {isa = PBXFileReference; lastKnownFileType = image.jpeg; path = leon.jpg; sourceTree = "<group>"; };
		51F500641E328B60002545E4 /* miGaraje.app */ = {isa = PBXFileReference; explicitFileType = wrapper.application; includeInIndex = 0; path = miGaraje.app; sourceTree = BUILT_PRODUCTS_DIR; };
		51F500671E328B60002545E4 /* AppDelegate.swift */ = {isa = PBXFileReference; lastKnownFileType = sourcecode.swift; path = AppDelegate.swift; sourceTree = "<group>"; };
		51F500691E328B60002545E4 /* ViewController.swift */ = {isa = PBXFileReference; lastKnownFileType = sourcecode.swift; path = ViewController.swift; sourceTree = "<group>"; };
		51F5006C1E328B60002545E4 /* Base */ = {isa = PBXFileReference; lastKnownFileType = file.storyboard; name = Base; path = Base.lproj/Main.storyboard; sourceTree = "<group>"; };
		51F5006E1E328B60002545E4 /* Assets.xcassets */ = {isa = PBXFileReference; lastKnownFileType = folder.assetcatalog; path = Assets.xcassets; sourceTree = "<group>"; };
		51F500711E328B60002545E4 /* Base */ = {isa = PBXFileReference; lastKnownFileType = file.storyboard; name = Base; path = Base.lproj/LaunchScreen.storyboard; sourceTree = "<group>"; };
		51F500731E328B60002545E4 /* Info.plist */ = {isa = PBXFileReference; lastKnownFileType = text.plist.xml; path = Info.plist; sourceTree = "<group>"; };
		51F500791E328B7E002545E4 /* Car.swift */ = {isa = PBXFileReference; fileEncoding = 4; lastKnownFileType = sourcecode.swift; path = Car.swift; sourceTree = "<group>"; };
/* End PBXFileReference section */

/* Begin PBXFrameworksBuildPhase section */
		51F500611E328B60002545E4 /* Frameworks */ = {
			isa = PBXFrameworksBuildPhase;
			buildActionMask = 2147483647;
			files = (
			);
			runOnlyForDeploymentPostprocessing = 0;
		};
/* End PBXFrameworksBuildPhase section */

/* Begin PBXGroup section */
		51F5005B1E328B60002545E4 = {
			isa = PBXGroup;
			children = (
				51F500791E328B7E002545E4 /* Car.swift */,
				51F500661E328B60002545E4 /* miGaraje */,
				51F500651E328B60002545E4 /* Products */,
			);
			sourceTree = "<group>";
		};
		51F500651E328B60002545E4 /* Products */ = {
			isa = PBXGroup;
			children = (
				51F500641E328B60002545E4 /* miGaraje.app */,
			);
			name = Products;
			sourceTree = "<group>";
		};
		51F500661E328B60002545E4 /* miGaraje */ = {
			isa = PBXGroup;
			children = (
				51F500671E328B60002545E4 /* AppDelegate.swift */,
				51F500691E328B60002545E4 /* ViewController.swift */,
				51F5006B1E328B60002545E4 /* Main.storyboard */,
				51F5006E1E328B60002545E4 /* Assets.xcassets */,
				5107657E1E33DEA800D3A381 /* cactus.jpg */,
				5107657F1E33DEA800D3A381 /* fiesta.jpg */,
				510765801E33DEA800D3A381 /* ferrari.jpg */,
				510765811E33DEA800D3A381 /* leon.jpg */,
				51F500701E328B60002545E4 /* LaunchScreen.storyboard */,
				51F500731E328B60002545E4 /* Info.plist */,
			);
			path = miGaraje;
			sourceTree = "<group>";
		};
/* End PBXGroup section */

/* Begin PBXNativeTarget section */
		51F500631E328B60002545E4 /* miGaraje */ = {
			isa = PBXNativeTarget;
			buildConfigurationList = 51F500761E328B60002545E4 /* Build configuration list for PBXNativeTarget "miGaraje" */;
			buildPhases = (
				51F500601E328B60002545E4 /* Sources */,
				51F500611E328B60002545E4 /* Frameworks */,
				51F500621E328B60002545E4 /* Resources */,
			);
			buildRules = (
			);
			dependencies = (
			);
			name = miGaraje;
			productName = miGaraje;
			productReference = 51F500641E328B60002545E4 /* miGaraje.app */;
			productType = "com.apple.product-type.application";
		};
/* End PBXNativeTarget section */

/* Begin PBXProject section */
		51F5005C1E328B60002545E4 /* Project object */ = {
			isa = PBXProject;
			attributes = {
				LastSwiftUpdateCheck = 0800;
				LastUpgradeCheck = 0800;
				ORGANIZATIONNAME = materiaWeb;
				TargetAttributes = {
					51F500631E328B60002545E4 = {
						CreatedOnToolsVersion = 8.0;
						ProvisioningStyle = Automatic;
					};
				};
			};
			buildConfigurationList = 51F5005F1E328B60002545E4 /* Build configuration list for PBXProject "miGaraje" */;
			compatibilityVersion = "Xcode 3.2";
			developmentRegion = English;
			hasScannedForEncodings = 0;
			knownRegions = (
				en,
				Base,
			);
			mainGroup = 51F5005B1E328B60002545E4;
			productRefGroup = 51F500651E328B60002545E4 /* Products */;
			projectDirPath = "";
			projectRoot = "";
			targets = (
				51F500631E328B60002545E4 /* miGaraje */,
			);
		};
/* End PBXProject section */

/* Begin PBXResourcesBuildPhase section */
		51F500621E328B60002545E4 /* Resources */ = {
			isa = PBXResourcesBuildPhase;
			buildActionMask = 2147483647;
			files = (
				510765851E33DEA800D3A381 /* leon.jpg in Resources */,
				510765821E33DEA800D3A381 /* cactus.jpg in Resources */,
				51F500721E328B60002545E4 /* LaunchScreen.storyboard in Resources */,
				510765831E33DEA800D3A381 /* fiesta.jpg in Resources */,
				51F5006F1E328B60002545E4 /* Assets.xcassets in Resources */,
				51F5006D1E328B60002545E4 /* Main.storyboard in Resources */,
				510765841E33DEA800D3A381 /* ferrari.jpg in Resources */,
			);
			runOnlyForDeploymentPostprocessing = 0;
		};
/* End PBXResourcesBuildPhase section */

/* Begin PBXSourcesBuildPhase section */
		51F500601E328B60002545E4 /* Sources */ = {
			isa = PBXSourcesBuildPhase;
			buildActionMask = 2147483647;
			files = (
				51F5006A1E328B60002545E4 /* ViewController.swift in Sources */,
				51F500681E328B60002545E4 /* AppDelegate.swift in Sources */,
				51F5007A1E328B7E002545E4 /* Car.swift in Sources */,
			);
			runOnlyForDeploymentPostprocessing = 0;
		};
/* End PBXSourcesBuildPhase section */

/* Begin PBXVariantGroup section */
		51F5006B1E328B60002545E4 /* Main.storyboard */ = {
			isa = PBXVariantGroup;
			children = (
				51F5006C1E328B60002545E4 /* Base */,
			);
			name = Main.storyboard;
			sourceTree = "<group>";
		};
		51F500701E328B60002545E4 /* LaunchScreen.storyboard */ = {
			isa = PBXVariantGroup;
			children = (
				51F500711E328B60002545E4 /* Base */,
			);
			name = LaunchScreen.storyboard;
			sourceTree = "<group>";
		};
/* End PBXVariantGroup section */

/* Begin XCBuildConfiguration section */
		51F500741E328B60002545E4 /* Debug */ = {
			isa = XCBuildConfiguration;
			buildSettings = {
				ALWAYS_SEARCH_USER_PATHS = NO;
				CLANG_ANALYZER_NONNULL = YES;
				CLANG_CXX_LANGUAGE_STANDARD = "gnu++0x";
				CLANG_CXX_LIBRARY = "libc++";
				CLANG_ENABLE_MODULES = YES;
				CLANG_ENABLE_OBJC_ARC = YES;
				CLANG_WARN_BOOL_CONVERSION = YES;
				CLANG_WARN_CONSTANT_CONVERSION = YES;
				CLANG_WARN_DIRECT_OBJC_ISA_USAGE = YES_ERROR;
				CLANG_WARN_DOCUMENTATION_COMMENTS = YES;
				CLANG_WARN_EMPTY_BODY = YES;
				CLANG_WARN_ENUM_CONVERSION = YES;
				CLANG_WARN_INFINITE_RECURSION = YES;
				CLANG_WARN_INT_CONVERSION = YES;
				CLANG_WARN_OBJC_ROOT_CLASS = YES_ERROR;
				CLANG_WARN_SUSPICIOUS_MOVES = YES;
				CLANG_WARN_UNREACHABLE_CODE = YES;
				CLANG_WARN__DUPLICATE_METHOD_MATCH = YES;
				"CODE_SIGN_IDENTITY[sdk=iphoneos*]" = "iPhone Developer";
				COPY_PHASE_STRIP = NO;
				DEBUG_INFORMATION_FORMAT = dwarf;
				ENABLE_STRICT_OBJC_MSGSEND = YES;
				ENABLE_TESTABILITY = YES;
				GCC_C_LANGUAGE_STANDARD = gnu99;
				GCC_DYNAMIC_NO_PIC = NO;
				GCC_NO_COMMON_BLOCKS = YES;
				GCC_OPTIMIZATION_LEVEL = 0;
				GCC_PREPROCESSOR_DEFINITIONS = (
					"DEBUG=1",
					"$(inherited)",
				);
				GCC_WARN_64_TO_32_BIT_CONVERSION = YES;
				GCC_WARN_ABOUT_RETURN_TYPE = YES_ERROR;
				GCC_WARN_UNDECLARED_SELECTOR = YES;
				GCC_WARN_UNINITIALIZED_AUTOS = YES_AGGRESSIVE;
				GCC_WARN_UNUSED_FUNCTION = YES;
				GCC_WARN_UNUSED_VARIABLE = YES;
				IPHONEOS_DEPLOYMENT_TARGET = 10.0;
				MTL_ENABLE_DEBUG_INFO = YES;
				ONLY_ACTIVE_ARCH = YES;
				SDKROOT = iphoneos;
				SWIFT_ACTIVE_COMPILATION_CONDITIONS = DEBUG;
				SWIFT_OPTIMIZATION_LEVEL = "-Onone";
			};
			name = Debug;
		};
		51F500751E328B60002545E4 /* Release */ = {
			isa = XCBuildConfiguration;
			buildSettings = {
				ALWAYS_SEARCH_USER_PATHS = NO;
				CLANG_ANALYZER_NONNULL = YES;
				CLANG_CXX_LANGUAGE_STANDARD = "gnu++0x";
				CLANG_CXX_LIBRARY = "libc++";
				CLANG_ENABLE_MODULES = YES;
				CLANG_ENABLE_OBJC_ARC = YES;
				CLANG_WARN_BOOL_CONVERSION = YES;
				CLANG_WARN_CONSTANT_CONVERSION = YES;
				CLANG_WARN_DIRECT_OBJC_ISA_USAGE = YES_ERROR;
				CLANG_WARN_DOCUMENTATION_COMMENTS = YES;
				CLANG_WARN_EMPTY_BODY = YES;
				CLANG_WARN_ENUM_CONVERSION = YES;
				CLANG_WARN_INFINITE_RECURSION = YES;
				CLANG_WARN_INT_CONVERSION = YES;
				CLANG_WARN_OBJC_ROOT_CLASS = YES_ERROR;
				CLANG_WARN_SUSPICIOUS_MOVES = YES;
				CLANG_WARN_UNREACHABLE_CODE = YES;
				CLANG_WARN__DUPLICATE_METHOD_MATCH = YES;
				"CODE_SIGN_IDENTITY[sdk=iphoneos*]" = "iPhone Developer";
				COPY_PHASE_STRIP = NO;
				DEBUG_INFORMATION_FORMAT = "dwarf-with-dsym";
				ENABLE_NS_ASSERTIONS = NO;
				ENABLE_STRICT_OBJC_MSGSEND = YES;
				GCC_C_LANGUAGE_STANDARD = gnu99;
				GCC_NO_COMMON_BLOCKS = YES;
				GCC_WARN_64_TO_32_BIT_CONVERSION = YES;
				GCC_WARN_ABOUT_RETURN_TYPE = YES_ERROR;
				GCC_WARN_UNDECLARED_SELECTOR = YES;
				GCC_WARN_UNINITIALIZED_AUTOS = YES_AGGRESSIVE;
				GCC_WARN_UNUSED_FUNCTION = YES;
				GCC_WARN_UNUSED_VARIABLE = YES;
				IPHONEOS_DEPLOYMENT_TARGET = 10.0;
				MTL_ENABLE_DEBUG_INFO = NO;
				SDKROOT = iphoneos;
				SWIFT_OPTIMIZATION_LEVEL = "-Owholemodule";
				VALIDATE_PRODUCT = YES;
			};
			name = Release;
		};
		51F500771E328B60002545E4 /* Debug */ = {
			isa = XCBuildConfiguration;
			buildSettings = {
				ASSETCATALOG_COMPILER_APPICON_NAME = AppIcon;
				INFOPLIST_FILE = miGaraje/Info.plist;
				LD_RUNPATH_SEARCH_PATHS = "$(inherited) @executable_path/Frameworks";
				PRODUCT_BUNDLE_IDENTIFIER = es.materiaweb.miGaraje;
				PRODUCT_NAME = "$(TARGET_NAME)";
				SWIFT_VERSION = 3.0;
			};
			name = Debug;
		};
		51F500781E328B60002545E4 /* Release */ = {
			isa = XCBuildConfiguration;
			buildSettings = {
				ASSETCATALOG_COMPILER_APPICON_NAME = AppIcon;
				INFOPLIST_FILE = miGaraje/Info.plist;
				LD_RUNPATH_SEARCH_PATHS = "$(inherited) @executable_path/Frameworks";
				PRODUCT_BUNDLE_IDENTIFIER = es.materiaweb.miGaraje;
				PRODUCT_NAME = "$(TARGET_NAME)";
				SWIFT_VERSION = 3.0;
			};
			name = Release;
		};
/* End XCBuildConfiguration section */

/* Begin XCConfigurationList section */
		51F5005F1E328B60002545E4 /* Build configuration list for PBXProject "miGaraje" */ = {
			isa = XCConfigurationList;
			buildConfigurations = (
				51F500741E328B60002545E4 /* Debug */,
				51F500751E328B60002545E4 /* Release */,
			);
			defaultConfigurationIsVisible = 0;
			defaultConfigurationName = Release;
		};
		51F500761E328B60002545E4 /* Build configuration list for PBXNativeTarget "miGaraje" */ = {
			isa = XCConfigurationList;
			buildConfigurations = (
				51F500771E328B60002545E4 /* Debug */,
				51F500781E328B60002545E4 /* Release */,
			);
			defaultConfigurationIsVisible = 0;
			defaultConfigurationName = Release;
		};
/* End XCConfigurationList section */
	};
	rootObject = 51F5005C1E328B60002545E4 /* Project object */;
}
